
Microsoft Visual Studio Solution File, Format Version 12.00
# Visual Studio Version 17
VisualStudioVersion = 17.9.34728.123
MinimumVisualStudioVersion = 10.0.40219.1
Project("{9A19103F-16F7-4668-BE54-9A1E7A4F7556}") = "DemoWebsocketServer", "DemoWebsocketServer.csproj", "{1DE6696C-53E1-4F77-8F18-6C7211862914}"
EndProject
Global
	GlobalSection(SolutionConfigurationPlatforms) = preSolution
		Debug|Any CPU = Debug|Any CPU
		Release|Any CPU = Release|Any CPU
	EndGlobalSection
	GlobalSection(ProjectConfigurationPlatforms) = postSolution
		{1DE6696C-53E1-4F77-8F18-6C7211862914}.Debug|Any CPU.ActiveCfg = Debug|Any CPU
		{1DE6696C-53E1-4F77-8F18-6C7211862914}.Debug|Any CPU.Build.0 = Debug|Any CPU
		{1DE6696C-53E1-4F77-8F18-6C7211862914}.Release|Any CPU.ActiveCfg = Release|Any CPU
		{1DE6696C-53E1-4F77-8F18-6C7211862914}.Release|Any CPU.Build.0 = Release|Any CPU
	EndGlobalSection
	GlobalSection(SolutionProperties) = preSolution
		HideSolutionNode = FALSE
	EndGlobalSection
	GlobalSection(ExtensibilityGlobals) = postSolution
		SolutionGuid = {43621CB5-085C-4169-B2A8-C747180206A4}
	EndGlobalSection
EndGlobal
